
Microsoft Visual Studio Solution File, Format Version 12.00
# Visual Studio 2013
VisualStudioVersion = 12.0.21005.1
MinimumVisualStudioVersion = 10.0.40219.1
Project("{FAE04EC0-301F-11D3-BF4B-00C04F79EFBC}") = "FuzzyLogicPCL", "FuzzyLogicPCL\FuzzyLogicPCL.csproj", "{A32ADEBD-8739-4A32-9947-C0230BA7E774}"
EndProject
Project("{FAE04EC0-301F-11D3-BF4B-00C04F79EFBC}") = "FuzzyLogicApp", "FuzzyLogicApp\FuzzyLogicApp.csproj", "{D21CBD5B-7102-4BA0-8A43-448313E40145}"
EndProject
Global
	GlobalSection(SolutionConfigurationPlatforms) = preSolution
		Debug|Any CPU = Debug|Any CPU
		Release|Any CPU = Release|Any CPU
	EndGlobalSection
	GlobalSection(ProjectConfigurationPlatforms) = postSolution
		{A32ADEBD-8739-4A32-9947-C0230BA7E774}.Debug|Any CPU.ActiveCfg = Debug|Any CPU
		{A32ADEBD-8739-4A32-9947-C0230BA7E774}.Debug|Any CPU.Build.0 = Debug|Any CPU
		{A32ADEBD-8739-4A32-9947-C0230BA7E774}.Release|Any CPU.ActiveCfg = Release|Any CPU
		{A32ADEBD-8739-4A32-9947-C0230BA7E774}.Release|Any CPU.Build.0 = Release|Any CPU
		{D21CBD5B-7102-4BA0-8A43-448313E40145}.Debug|Any CPU.ActiveCfg = Debug|Any CPU
		{D21CBD5B-7102-4BA0-8A43-448313E40145}.Debug|Any CPU.Build.0 = Debug|Any CPU
		{D21CBD5B-7102-4BA0-8A43-448313E40145}.Release|Any CPU.ActiveCfg = Release|Any CPU
		{D21CBD5B-7102-4BA0-8A43-448313E40145}.Release|Any CPU.Build.0 = Release|Any CPU
	EndGlobalSection
	GlobalSection(SolutionProperties) = preSolution
		HideSolutionNode = FALSE
	EndGlobalSection
EndGlobal
